
Microsoft Visual Studio Solution File, Format Version 12.00
# Visual Studio Version 17
VisualStudioVersion = 17.9.34902.65
MinimumVisualStudioVersion = 10.0.40219.1
Project("{8BC9CEB8-8B4A-11D0-8D11-00A0C91BC942}") = "Antivirus", "Antivirus\Antivirus.vcxproj", "{D64498B8-2171-45DC-9791-B6C2AC6EAEB4}"
EndProject
Project("{8BC9CEB8-8B4A-11D0-8D11-00A0C91BC942}") = "GUI", "GUI\GUI.vcxproj", "{60990DC9-C220-4983-A8AC-A371E1E856B8}"
EndProject
Global
	GlobalSection(SolutionConfigurationPlatforms) = preSolution
		Debug|x64 = Debug|x64
		Debug|x86 = Debug|x86
		Release|x64 = Release|x64
		Release|x86 = Release|x86
	EndGlobalSection
	GlobalSection(ProjectConfigurationPlatforms) = postSolution
		{D64498B8-2171-45DC-9791-B6C2AC6EAEB4}.Debug|x64.ActiveCfg = Debug|x64
		{D64498B8-2171-45DC-9791-B6C2AC6EAEB4}.Debug|x64.Build.0 = Debug|x64
		{D64498B8-2171-45DC-9791-B6C2AC6EAEB4}.Debug|x86.ActiveCfg = Debug|Win32
		{D64498B8-2171-45DC-9791-B6C2AC6EAEB4}.Debug|x86.Build.0 = Debug|Win32
		{D64498B8-2171-45DC-9791-B6C2AC6EAEB4}.Release|x64.ActiveCfg = Release|x64
		{D64498B8-2171-45DC-9791-B6C2AC6EAEB4}.Release|x64.Build.0 = Release|x64
		{D64498B8-2171-45DC-9791-B6C2AC6EAEB4}.Release|x86.ActiveCfg = Release|Win32
		{D64498B8-2171-45DC-9791-B6C2AC6EAEB4}.Release|x86.Build.0 = Release|Win32
		{60990DC9-C220-4983-A8AC-A371E1E856B8}.Debug|x64.ActiveCfg = Debug|x64
		{60990DC9-C220-4983-A8AC-A371E1E856B8}.Debug|x64.Build.0 = Debug|x64
		{60990DC9-C220-4983-A8AC-A371E1E856B8}.Debug|x86.ActiveCfg = Debug|Win32
		{60990DC9-C220-4983-A8AC-A371E1E856B8}.Debug|x86.Build.0 = Debug|Win32
		{60990DC9-C220-4983-A8AC-A371E1E856B8}.Release|x64.ActiveCfg = Release|x64
		{60990DC9-C220-4983-A8AC-A371E1E856B8}.Release|x64.Build.0 = Release|x64
		{60990DC9-C220-4983-A8AC-A371E1E856B8}.Release|x86.ActiveCfg = Release|Win32
		{60990DC9-C220-4983-A8AC-A371E1E856B8}.Release|x86.Build.0 = Release|Win32
	EndGlobalSection
	GlobalSection(SolutionProperties) = preSolution
		HideSolutionNode = FALSE
	EndGlobalSection
	GlobalSection(ExtensibilityGlobals) = postSolution
		SolutionGuid = {9245E4F0-0937-4E30-AB92-0E771510902F}
	EndGlobalSection
EndGlobal
